
Microsoft Visual Studio Solution File, Format Version 12.00
# Visual Studio 15
VisualStudioVersion = 15.0.27130.2036
MinimumVisualStudioVersion = 10.0.40219.1
Project("{FAE04EC0-301F-11D3-BF4B-00C04F79EFBC}") = "MyLocation", "MyLocation.csproj", "{1821853C-042E-4108-BC2E-50AEFF1589B7}"
EndProject
Global
	GlobalSection(SolutionConfigurationPlatforms) = preSolution
		Debug|Any CPU = Debug|Any CPU
		Release|Any CPU = Release|Any CPU
	EndGlobalSection
	GlobalSection(ProjectConfigurationPlatforms) = postSolution
		{1821853C-042E-4108-BC2E-50AEFF1589B7}.Debug|Any CPU.ActiveCfg = Debug|Any CPU
		{1821853C-042E-4108-BC2E-50AEFF1589B7}.Debug|Any CPU.Build.0 = Debug|Any CPU
		{1821853C-042E-4108-BC2E-50AEFF1589B7}.Debug|Any CPU.Deploy.0 = Debug|Any CPU
		{1821853C-042E-4108-BC2E-50AEFF1589B7}.Release|Any CPU.ActiveCfg = Release|Any CPU
		{1821853C-042E-4108-BC2E-50AEFF1589B7}.Release|Any CPU.Build.0 = Release|Any CPU
		{1821853C-042E-4108-BC2E-50AEFF1589B7}.Release|Any CPU.Deploy.0 = Release|Any CPU
	EndGlobalSection
	GlobalSection(SolutionProperties) = preSolution
		HideSolutionNode = FALSE
	EndGlobalSection
	GlobalSection(ExtensibilityGlobals) = postSolution
		SolutionGuid = {62C3C2E0-6551-4642-A5C0-8B6D1EAF7D33}
	EndGlobalSection
EndGlobal
